
Microsoft Visual Studio Solution File, Format Version 12.00
# Visual Studio Version 17
VisualStudioVersion = 17.6.33829.357
MinimumVisualStudioVersion = 10.0.40219.1
Project("{FAE04EC0-301F-11D3-BF4B-00C04F79EFBC}") = "MuMoo", "MuMoo\MuMoo.csproj", "{2CFF3CBE-F166-4F43-94B7-73048BC94B31}"
EndProject
Global
	GlobalSection(SolutionConfigurationPlatforms) = preSolution
		Debug|Any CPU = Debug|Any CPU
		Release|Any CPU = Release|Any CPU
	EndGlobalSection
	GlobalSection(ProjectConfigurationPlatforms) = postSolution
		{2CFF3CBE-F166-4F43-94B7-73048BC94B31}.Debug|Any CPU.ActiveCfg = Debug|Any CPU
		{2CFF3CBE-F166-4F43-94B7-73048BC94B31}.Debug|Any CPU.Build.0 = Debug|Any CPU
		{2CFF3CBE-F166-4F43-94B7-73048BC94B31}.Release|Any CPU.ActiveCfg = Release|Any CPU
		{2CFF3CBE-F166-4F43-94B7-73048BC94B31}.Release|Any CPU.Build.0 = Release|Any CPU
	EndGlobalSection
	GlobalSection(SolutionProperties) = preSolution
		HideSolutionNode = FALSE
	EndGlobalSection
	GlobalSection(ExtensibilityGlobals) = postSolution
		SolutionGuid = {CBAB1685-539D-4570-BC54-C90B35F30583}
	EndGlobalSection
EndGlobal
